
Microsoft Visual Studio Solution File, Format Version 12.00
# Visual Studio Version 17
VisualStudioVersion = 17.4.33213.308
MinimumVisualStudioVersion = 10.0.40219.1
Project("{9A19103F-16F7-4668-BE54-9A1E7A4F7556}") = "Engineering-ASPNET", "Engineering-ASPNET\Engineering-ASPNET.csproj", "{9A27C311-EB52-4A33-BBEF-A5050E2D1275}"
EndProject
Project("{FAE04EC0-301F-11D3-BF4B-00C04F79EFBC}") = "Engineering-ASPNET.BLL", "Engineering-ASPNET.BLL\Engineering-ASPNET.BLL.csproj", "{5A18E6ED-6A34-47FB-94AE-BCCF9A559DDE}"
EndProject
Project("{FAE04EC0-301F-11D3-BF4B-00C04F79EFBC}") = "Engineering-ASPNET.DAL", "Engineering-ASPNET.DAL\Engineering-ASPNET.DAL.csproj", "{5B2341AD-C672-4897-8EB1-EEEA3A244EB7}"
EndProject
Global
	GlobalSection(SolutionConfigurationPlatforms) = preSolution
		Debug|Any CPU = Debug|Any CPU
		Release|Any CPU = Release|Any CPU
	EndGlobalSection
	GlobalSection(ProjectConfigurationPlatforms) = postSolution
		{9A27C311-EB52-4A33-BBEF-A5050E2D1275}.Debug|Any CPU.ActiveCfg = Debug|Any CPU
		{9A27C311-EB52-4A33-BBEF-A5050E2D1275}.Debug|Any CPU.Build.0 = Debug|Any CPU
		{9A27C311-EB52-4A33-BBEF-A5050E2D1275}.Release|Any CPU.ActiveCfg = Release|Any CPU
		{9A27C311-EB52-4A33-BBEF-A5050E2D1275}.Release|Any CPU.Build.0 = Release|Any CPU
		{5A18E6ED-6A34-47FB-94AE-BCCF9A559DDE}.Debug|Any CPU.ActiveCfg = Debug|Any CPU
		{5A18E6ED-6A34-47FB-94AE-BCCF9A559DDE}.Debug|Any CPU.Build.0 = Debug|Any CPU
		{5A18E6ED-6A34-47FB-94AE-BCCF9A559DDE}.Release|Any CPU.ActiveCfg = Release|Any CPU
		{5A18E6ED-6A34-47FB-94AE-BCCF9A559DDE}.Release|Any CPU.Build.0 = Release|Any CPU
		{5B2341AD-C672-4897-8EB1-EEEA3A244EB7}.Debug|Any CPU.ActiveCfg = Debug|Any CPU
		{5B2341AD-C672-4897-8EB1-EEEA3A244EB7}.Debug|Any CPU.Build.0 = Debug|Any CPU
		{5B2341AD-C672-4897-8EB1-EEEA3A244EB7}.Release|Any CPU.ActiveCfg = Release|Any CPU
		{5B2341AD-C672-4897-8EB1-EEEA3A244EB7}.Release|Any CPU.Build.0 = Release|Any CPU
	EndGlobalSection
	GlobalSection(SolutionProperties) = preSolution
		HideSolutionNode = FALSE
	EndGlobalSection
	GlobalSection(ExtensibilityGlobals) = postSolution
		SolutionGuid = {D906CA29-7555-4B6D-9102-35C780118ADE}
	EndGlobalSection
EndGlobal
